{
  "name": "@cpbs/eventprikker",
  "version": "0.0.1",
  "lockfileVersion": 1,
  "requires": true,
  "dependencies": {
    "@fyn-software/component": {
      "version": "0.0.3",
      "resolved": "https://registry.npmjs.org/@fyn-software/component/-/component-0.0.3.tgz",
      "integrity": "sha512-/dsYAIwNoMZ1plsmEuZOgwoFGITw0Bw133K1/9+IOBiNwM4pfHBxZS249bnDsY0LpCdNDkvN+DptRGXIV4FAmw=="
    },
    "@fyn-software/suite": {
      "version": "0.0.5",
      "resolved": "https://registry.npmjs.org/@fyn-software/suite/-/suite-0.0.5.tgz",
      "integrity": "sha512-ezOtOVHwbEKd4rAwo5CVJJfTsZst2obVU2jYHXqLP5s2H7zcCM5rmhJG6a6eEkylaRCh76ggWBH7GxlGhkPILg==",
      "requires": {
        "@fyn-software/component": "^0.0.3"
      }
    },
    "@openid/appauth": {
      "version": "1.2.1",
      "resolved": "https://registry.npmjs.org/@openid/appauth/-/appauth-1.2.1.tgz",
      "integrity": "sha512-Xjwt82lrfi+4iJ9S0SZ2fa68gSQRC0EfK6bPWUosen8AROnYkXg+5cs+ID6wEFwEFPJxgNbKR5sObeRmlRsFhA==",
      "requires": {
        "@types/base64-js": "1.2.5",
        "@types/jquery": "3.3.29",
        "base64-js": "1.3.0",
        "follow-redirects": "1.6.1",
        "form-data": "2.3.3",
        "opener": "1.5.1"
      }
    },
    "@types/base64-js": {
      "version": "1.2.5",
      "resolved": "https://registry.npmjs.org/@types/base64-js/-/base64-js-1.2.5.tgz",
      "integrity": "sha1-WCskdhaabLpGCiFNR2x0REHYc9U="
    },
    "@types/jquery": {
      "version": "3.3.29",
      "resolved": "https://registry.npmjs.org/@types/jquery/-/jquery-3.3.29.tgz",
      "integrity": "sha512-FhJvBninYD36v3k6c+bVk1DSZwh7B5Dpb/Pyk3HKVsiohn0nhbefZZ+3JXbWQhFyt0MxSl2jRDdGQPHeOHFXrQ==",
      "requires": {
        "@types/sizzle": "2.3.2"
      }
    },
    "@types/sizzle": {
      "version": "2.3.2",
      "resolved": "https://registry.npmjs.org/@types/sizzle/-/sizzle-2.3.2.tgz",
      "integrity": "sha512-7EJYyKTL7tFR8+gDbB6Wwz/arpGa0Mywk1TJbNzKzHtzbwVmY4HR9WqS5VV7dsBUKQmPNr192jHr/VpBluj/hg=="
    },
    "asynckit": {
      "version": "0.4.0",
      "resolved": "https://registry.npmjs.org/asynckit/-/asynckit-0.4.0.tgz",
      "integrity": "sha1-x57Zf380y48robyXkLzDZkdLS3k="
    },
    "base64-js": {
      "version": "1.3.0",
      "resolved": "https://registry.npmjs.org/base64-js/-/base64-js-1.3.0.tgz",
      "integrity": "sha512-ccav/yGvoa80BQDljCxsmmQ3Xvx60/UpBIij5QN21W3wBi/hhIC9OoO+KLpu9IJTS9j4DRVJ3aDDF9cMSoa2lw=="
    },
    "combined-stream": {
      "version": "1.0.7",
      "resolved": "https://registry.npmjs.org/combined-stream/-/combined-stream-1.0.7.tgz",
      "integrity": "sha512-brWl9y6vOB1xYPZcpZde3N9zDByXTosAeMDo4p1wzo6UMOX4vumB+TP1RZ76sfE6Md68Q0NJSrE/gbezd4Ul+w==",
      "requires": {
        "delayed-stream": "1.0.0"
      }
    },
    "debug": {
      "version": "3.1.0",
      "resolved": "https://registry.npmjs.org/debug/-/debug-3.1.0.tgz",
      "integrity": "sha512-OX8XqP7/1a9cqkxYw2yXss15f26NKWBpDXQd0/uK/KPqdQhxbPa994hnzjcE2VqQpDslf55723cKPUOGSmMY3g==",
      "requires": {
        "ms": "2.0.0"
      }
    },
    "delayed-stream": {
      "version": "1.0.0",
      "resolved": "https://registry.npmjs.org/delayed-stream/-/delayed-stream-1.0.0.tgz",
      "integrity": "sha1-3zrhmayt+31ECqrgsp4icrJOxhk="
    },
    "follow-redirects": {
      "version": "1.6.1",
      "resolved": "https://registry.npmjs.org/follow-redirects/-/follow-redirects-1.6.1.tgz",
      "integrity": "sha512-t2JCjbzxQpWvbhts3l6SH1DKzSrx8a+SsaVf4h6bG4kOXUuPYS/kg2Lr4gQSb7eemaHqJkOThF1BGyjlUkO1GQ==",
      "requires": {
        "debug": "3.1.0"
      }
    },
    "form-data": {
      "version": "2.3.3",
      "resolved": "https://registry.npmjs.org/form-data/-/form-data-2.3.3.tgz",
      "integrity": "sha512-1lLKB2Mu3aGP1Q/2eCOx0fNbRMe7XdwktwOruhfqqd0rIJWwN4Dh+E3hrPSlDCXnSR7UtZ1N38rVXm+6+MEhJQ==",
      "requires": {
        "asynckit": "0.4.0",
        "combined-stream": "1.0.7",
        "mime-types": "2.1.21"
      }
    },
    "hellojs": {
      "version": "1.17.1",
      "resolved": "https://registry.npmjs.org/hellojs/-/hellojs-1.17.1.tgz",
      "integrity": "sha512-ncZCrgokRhexgi0GD6XrTtjR/PoEP00h3XEjdaePqSpC1bl2uuMGonOG7abT37pBcuh9rPuAxKIECdWCPd/OEg=="
    },
    "mime-db": {
      "version": "1.37.0",
      "resolved": "https://registry.npmjs.org/mime-db/-/mime-db-1.37.0.tgz",
      "integrity": "sha512-R3C4db6bgQhlIhPU48fUtdVmKnflq+hRdad7IyKhtFj06VPNVdk2RhiYL3UjQIlso8L+YxAtFkobT0VK+S/ybg=="
    },
    "mime-types": {
      "version": "2.1.21",
      "resolved": "https://registry.npmjs.org/mime-types/-/mime-types-2.1.21.tgz",
      "integrity": "sha512-3iL6DbwpyLzjR3xHSFNFeb9Nz/M8WDkX33t1GFQnFOllWk8pOrh/LSrB5OXlnlW5P9LH73X6loW/eogc+F5lJg==",
      "requires": {
        "mime-db": "1.37.0"
      }
    },
    "ms": {
      "version": "2.0.0",
      "resolved": "https://registry.npmjs.org/ms/-/ms-2.0.0.tgz",
      "integrity": "sha1-VgiurfwAvmwpAd9fmGF4jeDVl8g="
    },
    "opener": {
      "version": "1.5.1",
      "resolved": "https://registry.npmjs.org/opener/-/opener-1.5.1.tgz",
      "integrity": "sha512-goYSy5c2UXE4Ra1xixabeVh1guIX/ZV/YokJksb6q2lubWu6UbvPQ20p542/sFIll1nl8JnCyK9oBaOcCWXwvA=="
    }
  }
}
